
Microsoft Visual Studio Solution File, Format Version 12.00
# Visual Studio Version 17
VisualStudioVersion = 17.11.35303.130
MinimumVisualStudioVersion = 10.0.40219.1
Project("{FAE04EC0-301F-11D3-BF4B-00C04F79EFBC}") = "GASSIGN_Bibliotekapp", "GASSIGN_Bibliotekapp.csproj", "{D0999786-421B-4DE5-B042-5DF22CACB781}"
EndProject
Global
	GlobalSection(SolutionConfigurationPlatforms) = preSolution
		Debug|Any CPU = Debug|Any CPU
		Release|Any CPU = Release|Any CPU
	EndGlobalSection
	GlobalSection(ProjectConfigurationPlatforms) = postSolution
		{D0999786-421B-4DE5-B042-5DF22CACB781}.Debug|Any CPU.ActiveCfg = Debug|Any CPU
		{D0999786-421B-4DE5-B042-5DF22CACB781}.Debug|Any CPU.Build.0 = Debug|Any CPU
		{D0999786-421B-4DE5-B042-5DF22CACB781}.Release|Any CPU.ActiveCfg = Release|Any CPU
		{D0999786-421B-4DE5-B042-5DF22CACB781}.Release|Any CPU.Build.0 = Release|Any CPU
	EndGlobalSection
	GlobalSection(SolutionProperties) = preSolution
		HideSolutionNode = FALSE
	EndGlobalSection
	GlobalSection(ExtensibilityGlobals) = postSolution
		SolutionGuid = {F4760DFF-3730-40B9-960A-0C0BE156583D}
	EndGlobalSection
EndGlobal
